// !$*UTF8*$!
{
	archiveVersion = 1;
	classes = {
	};
	objectVersion = 46;
	objects = {

/* Begin PBXBuildFile section */
		6B9908FA1A0BBD6E004A147E /* Foundation.framework in Frameworks */ = {isa = PBXBuildFile; fileRef = 6B9908F91A0BBD6E004A147E /* Foundation.framework */; };
		6B9908FC1A0BBD6E004A147E /* CoreGraphics.framework in Frameworks */ = {isa = PBXBuildFile; fileRef = 6B9908FB1A0BBD6E004A147E /* CoreGraphics.framework */; };
		6B9908FE1A0BBD6E004A147E /* UIKit.framework in Frameworks */ = {isa = PBXBuildFile; fileRef = 6B9908FD1A0BBD6E004A147E /* UIKit.framework */; };
		6B9909041A0BBD6E004A147E /* InfoPlist.strings in Resources */ = {isa = PBXBuildFile; fileRef = 6B9909021A0BBD6E004A147E /* InfoPlist.strings */; };
		6B9909061A0BBD6E004A147E /* main.m in Sources */ = {isa = PBXBuildFile; fileRef = 6B9909051A0BBD6E004A147E /* main.m */; };
		6B99090A1A0BBD6E004A147E /* AppDelegate.m in Sources */ = {isa = PBXBuildFile; fileRef = 6B9909091A0BBD6E004A147E /* AppDelegate.m */; };
		6B99090D1A0BBD6E004A147E /* Main.storyboard in Resources */ = {isa = PBXBuildFile; fileRef = 6B99090B1A0BBD6E004A147E /* Main.storyboard */; };
		6B9909101A0BBD6E004A147E /* ViewController.m in Sources */ = {isa = PBXBuildFile; fileRef = 6B99090F1A0BBD6E004A147E /* ViewController.m */; };
		6B9909121A0BBD6E004A147E /* Images.xcassets in Resources */ = {isa = PBXBuildFile; fileRef = 6B9909111A0BBD6E004A147E /* Images.xcassets */; };
		6B9909191A0BBD6E004A147E /* XCTest.framework in Frameworks */ = {isa = PBXBuildFile; fileRef = 6B9909181A0BBD6E004A147E /* XCTest.framework */; };
		6B99091A1A0BBD6E004A147E /* Foundation.framework in Frameworks */ = {isa = PBXBuildFile; fileRef = 6B9908F91A0BBD6E004A147E /* Foundation.framework */; };
		6B99091B1A0BBD6E004A147E /* UIKit.framework in Frameworks */ = {isa = PBXBuildFile; fileRef = 6B9908FD1A0BBD6E004A147E /* UIKit.framework */; };
		6B9909231A0BBD6E004A147E /* InfoPlist.strings in Resources */ = {isa = PBXBuildFile; fileRef = 6B9909211A0BBD6E004A147E /* InfoPlist.strings */; };
		6B9909251A0BBD6E004A147E /* Sample_HelloWorldTests.m in Sources */ = {isa = PBXBuildFile; fileRef = 6B9909241A0BBD6E004A147E /* Sample_HelloWorldTests.m */; };
/* End PBXBuildFile section */

/* Begin PBXContainerItemProxy section */
		6B99091C1A0BBD6E004A147E /* PBXContainerItemProxy */ = {
			isa = PBXContainerItemProxy;
			containerPortal = 6B9908EE1A0BBD6E004A147E /* Project object */;
			proxyType = 1;
			remoteGlobalIDString = 6B9908F51A0BBD6E004A147E;
			remoteInfo = Sample_HelloWorld;
		};
/* End PBXContainerItemProxy section */

/* Begin PBXFileReference section */
		6B9908F61A0BBD6E004A147E /* Sample_HelloWorld.app */ = {isa = PBXFileReference; explicitFileType = wrapper.application; includeInIndex = 0; path = Sample_HelloWorld.app; sourceTree = BUILT_PRODUCTS_DIR; };
		6B9908F91A0BBD6E004A147E /* Foundation.framework */ = {isa = PBXFileReference; lastKnownFileType = wrapper.framework; name = Foundation.framework; path = System/Library/Frameworks/Foundation.framework; sourceTree = SDKROOT; };
		6B9908FB1A0BBD6E004A147E /* CoreGraphics.framework */ = {isa = PBXFileReference; lastKnownFileType = wrapper.framework; name = CoreGraphics.framework; path = System/Library/Frameworks/CoreGraphics.framework; sourceTree = SDKROOT; };
		6B9908FD1A0BBD6E004A147E /* UIKit.framework */ = {isa = PBXFileReference; lastKnownFileType = wrapper.framework; name = UIKit.framework; path = System/Library/Frameworks/UIKit.framework; sourceTree = SDKROOT; };
		6B9909011A0BBD6E004A147E /* Sample_HelloWorld-Info.plist */ = {isa = PBXFileReference; lastKnownFileType = text.plist.xml; path = "Sample_HelloWorld-Info.plist"; sourceTree = "<group>"; };
		6B9909031A0BBD6E004A147E /* en */ = {isa = PBXFileReference; lastKnownFileType = text.plist.strings; name = en; path = en.lproj/InfoPlist.strings; sourceTree = "<group>"; };
		6B9909051A0BBD6E004A147E /* main.m */ = {isa = PBXFileReference; lastKnownFileType = sourcecode.c.objc; path = main.m; sourceTree = "<group>"; };
		6B9909071A0BBD6E004A147E /* Sample_HelloWorld-Prefix.pch */ = {isa = PBXFileReference; lastKnownFileType = sourcecode.c.h; path = "Sample_HelloWorld-Prefix.pch"; sourceTree = "<group>"; };
		6B9909081A0BBD6E004A147E /* AppDelegate.h */ = {isa = PBXFileReference; lastKnownFileType = sourcecode.c.h; path = AppDelegate.h; sourceTree = "<group>"; };
		6B9909091A0BBD6E004A147E /* AppDelegate.m */ = {isa = PBXFileReference; lastKnownFileType = sourcecode.c.objc; path = AppDelegate.m; sourceTree = "<group>"; };
		6B99090C1A0BBD6E004A147E /* Base */ = {isa = PBXFileReference; lastKnownFileType = file.storyboard; name = Base; path = Base.lproj/Main.storyboard; sourceTree = "<group>"; };
		6B99090E1A0BBD6E004A147E /* ViewController.h */ = {isa = PBXFileReference; lastKnownFileType = sourcecode.c.h; path = ViewController.h; sourceTree = "<group>"; };
		6B99090F1A0BBD6E004A147E /* ViewController.m */ = {isa = PBXFileReference; lastKnownFileType = sourcecode.c.objc; path = ViewController.m; sourceTree = "<group>"; };
		6B9909111A0BBD6E004A147E /* Images.xcassets */ = {isa = PBXFileReference; lastKnownFileType = folder.assetcatalog; path = Images.xcassets; sourceTree = "<group>"; };
		6B9909171A0BBD6E004A147E /* Sample_HelloWorldTests.xctest */ = {isa = PBXFileReference; explicitFileType = wrapper.cfbundle; includeInIndex = 0; path = Sample_HelloWorldTests.xctest; sourceTree = BUILT_PRODUCTS_DIR; };
		6B9909181A0BBD6E004A147E /* XCTest.framework */ = {isa = PBXFileReference; lastKnownFileType = wrapper.framework; name = XCTest.framework; path = Library/Frameworks/XCTest.framework; sourceTree = DEVELOPER_DIR; };
		6B9909201A0BBD6E004A147E /* Sample_HelloWorldTests-Info.plist */ = {isa = PBXFileReference; lastKnownFileType = text.plist.xml; path = "Sample_HelloWorldTests-Info.plist"; sourceTree = "<group>"; };
		6B9909221A0BBD6E004A147E /* en */ = {isa = PBXFileReference; lastKnownFileType = text.plist.strings; name = en; path = en.lproj/InfoPlist.strings; sourceTree = "<group>"; };
		6B9909241A0BBD6E004A147E /* Sample_HelloWorldTests.m */ = {isa = PBXFileReference; lastKnownFileType = sourcecode.c.objc; path = Sample_HelloWorldTests.m; sourceTree = "<group>"; };
/* End PBXFileReference section */

/* Begin PBXFrameworksBuildPhase section */
		6B9908F31A0BBD6E004A147E /* Frameworks */ = {
			isa = PBXFrameworksBuildPhase;
			buildActionMask = 2147483647;
			files = (
				6B9908FC1A0BBD6E004A147E /* CoreGraphics.framework in Frameworks */,
				6B9908FE1A0BBD6E004A147E /* UIKit.framework in Frameworks */,
				6B9908FA1A0BBD6E004A147E /* Foundation.framework in Frameworks */,
			);
			runOnlyForDeploymentPostprocessing = 0;
		};
		6B9909141A0BBD6E004A147E /* Frameworks */ = {
			isa = PBXFrameworksBuildPhase;
			buildActionMask = 2147483647;
			files = (
				6B9909191A0BBD6E004A147E /* XCTest.framework in Frameworks */,
				6B99091B1A0BBD6E004A147E /* UIKit.framework in Frameworks */,
				6B99091A1A0BBD6E004A147E /* Foundation.framework in Frameworks */,
			);
			runOnlyForDeploymentPostprocessing = 0;
		};
/* End PBXFrameworksBuildPhase section */

/* Begin PBXGroup section */
		6B9908ED1A0BBD6E004A147E = {
			isa = PBXGroup;
			children = (
				6B9908FF1A0BBD6E004A147E /* Sample_HelloWorld */,
				6B99091E1A0BBD6E004A147E /* Sample_HelloWorldTests */,
				6B9908F81A0BBD6E004A147E /* Frameworks */,
				6B9908F71A0BBD6E004A147E /* Products */,
			);
			sourceTree = "<group>";
		};
		6B9908F71A0BBD6E004A147E /* Products */ = {
			isa = PBXGroup;
			children = (
				6B9908F61A0BBD6E004A147E /* Sample_HelloWorld.app */,
				6B9909171A0BBD6E004A147E /* Sample_HelloWorldTests.xctest */,
			);
			name = Products;
			sourceTree = "<group>";
		};
		6B9908F81A0BBD6E004A147E /* Frameworks */ = {
			isa = PBXGroup;
			children = (
				6B9908F91A0BBD6E004A147E /* Foundation.framework */,
				6B9908FB1A0BBD6E004A147E /* CoreGraphics.framework */,
				6B9908FD1A0BBD6E004A147E /* UIKit.framework */,
				6B9909181A0BBD6E004A147E /* XCTest.framework */,
			);
			name = Frameworks;
			sourceTree = "<group>";
		};
		6B9908FF1A0BBD6E004A147E /* Sample_HelloWorld */ = {
			isa = PBXGroup;
			children = (
				6B9909081A0BBD6E004A147E /* AppDelegate.h */,
				6B9909091A0BBD6E004A147E /* AppDelegate.m */,
				6B99090B1A0BBD6E004A147E /* Main.storyboard */,
				6B99090E1A0BBD6E004A147E /* ViewController.h */,
				6B99090F1A0BBD6E004A147E /* ViewController.m */,
				6B9909111A0BBD6E004A147E /* Images.xcassets */,
				6B9909001A0BBD6E004A147E /* Supporting Files */,
			);
			path = Sample_HelloWorld;
			sourceTree = "<group>";
		};
		6B9909001A0BBD6E004A147E /* Supporting Files */ = {
			isa = PBXGroup;
			children = (
				6B9909011A0BBD6E004A147E /* Sample_HelloWorld-Info.plist */,
				6B9909021A0BBD6E004A147E /* InfoPlist.strings */,
				6B9909051A0BBD6E004A147E /* main.m */,
				6B9909071A0BBD6E004A147E /* Sample_HelloWorld-Prefix.pch */,
			);
			name = "Supporting Files";
			sourceTree = "<group>";
		};
		6B99091E1A0BBD6E004A147E /* Sample_HelloWorldTests */ = {
			isa = PBXGroup;
			children = (
				6B9909241A0BBD6E004A147E /* Sample_HelloWorldTests.m */,
				6B99091F1A0BBD6E004A147E /* Supporting Files */,
			);
			path = Sample_HelloWorldTests;
			sourceTree = "<group>";
		};
		6B99091F1A0BBD6E004A147E /* Supporting Files */ = {
			isa = PBXGroup;
			children = (
				6B9909201A0BBD6E004A147E /* Sample_HelloWorldTests-Info.plist */,
				6B9909211A0BBD6E004A147E /* InfoPlist.strings */,
			);
			name = "Supporting Files";
			sourceTree = "<group>";
		};
/* End PBXGroup section */

/* Begin PBXNativeTarget section */
		6B9908F51A0BBD6E004A147E /* Sample_HelloWorld */ = {
			isa = PBXNativeTarget;
			buildConfigurationList = 6B9909281A0BBD6E004A147E /* Build configuration list for PBXNativeTarget "Sample_HelloWorld" */;
			buildPhases = (
				6B9908F21A0BBD6E004A147E /* Sources */,
				6B9908F31A0BBD6E004A147E /* Frameworks */,
				6B9908F41A0BBD6E004A147E /* Resources */,
			);
			buildRules = (
			);
			dependencies = (
			);
			name = Sample_HelloWorld;
			productName = Sample_HelloWorld;
			productReference = 6B9908F61A0BBD6E004A147E /* Sample_HelloWorld.app */;
			productType = "com.apple.product-type.application";
		};
		6B9909161A0BBD6E004A147E /* Sample_HelloWorldTests */ = {
			isa = PBXNativeTarget;
			buildConfigurationList = 6B99092B1A0BBD6E004A147E /* Build configuration list for PBXNativeTarget "Sample_HelloWorldTests" */;
			buildPhases = (
				6B9909131A0BBD6E004A147E /* Sources */,
				6B9909141A0BBD6E004A147E /* Frameworks */,
				6B9909151A0BBD6E004A147E /* Resources */,
			);
			buildRules = (
			);
			dependencies = (
				6B99091D1A0BBD6E004A147E /* PBXTargetDependency */,
			);
			name = Sample_HelloWorldTests;
			productName = Sample_HelloWorldTests;
			productReference = 6B9909171A0BBD6E004A147E /* Sample_HelloWorldTests.xctest */;
			productType = "com.apple.product-type.bundle.unit-test";
		};
/* End PBXNativeTarget section */

/* Begin PBXProject section */
		6B9908EE1A0BBD6E004A147E /* Project object */ = {
			isa = PBXProject;
			attributes = {
				LastUpgradeCheck = 0510;
				ORGANIZATIONNAME = Amsha;
				TargetAttributes = {
					6B9909161A0BBD6E004A147E = {
						TestTargetID = 6B9908F51A0BBD6E004A147E;
					};
				};
			};
			buildConfigurationList = 6B9908F11A0BBD6E004A147E /* Build configuration list for PBXProject "Sample_HelloWorld" */;
			compatibilityVersion = "Xcode 3.2";
			developmentRegion = English;
			hasScannedForEncodings = 0;
			knownRegions = (
				en,
				Base,
			);
			mainGroup = 6B9908ED1A0BBD6E004A147E;
			productRefGroup = 6B9908F71A0BBD6E004A147E /* Products */;
			projectDirPath = "";
			projectRoot = "";
			targets = (
				6B9908F51A0BBD6E004A147E /* Sample_HelloWorld */,
				6B9909161A0BBD6E004A147E /* Sample_HelloWorldTests */,
			);
		};
/* End PBXProject section */

/* Begin PBXResourcesBuildPhase section */
		6B9908F41A0BBD6E004A147E /* Resources */ = {
			isa = PBXResourcesBuildPhase;
			buildActionMask = 2147483647;
			files = (
				6B9909121A0BBD6E004A147E /* Images.xcassets in Resources */,
				6B9909041A0BBD6E004A147E /* InfoPlist.strings in Resources */,
				6B99090D1A0BBD6E004A147E /* Main.storyboard in Resources */,
			);
			runOnlyForDeploymentPostprocessing = 0;
		};
		6B9909151A0BBD6E004A147E /* Resources */ = {
			isa = PBXResourcesBuildPhase;
			buildActionMask = 2147483647;
			files = (
				6B9909231A0BBD6E004A147E /* InfoPlist.strings in Resources */,
			);
			runOnlyForDeploymentPostprocessing = 0;
		};
/* End PBXResourcesBuildPhase section */

/* Begin PBXSourcesBuildPhase section */
		6B9908F21A0BBD6E004A147E /* Sources */ = {
			isa = PBXSourcesBuildPhase;
			buildActionMask = 2147483647;
			files = (
				6B9909101A0BBD6E004A147E /* ViewController.m in Sources */,
				6B99090A1A0BBD6E004A147E /* AppDelegate.m in Sources */,
				6B9909061A0BBD6E004A147E /* main.m in Sources */,
			);
			runOnlyForDeploymentPostprocessing = 0;
		};
		6B9909131A0BBD6E004A147E /* Sources */ = {
			isa = PBXSourcesBuildPhase;
			buildActionMask = 2147483647;
			files = (
				6B9909251A0BBD6E004A147E /* Sample_HelloWorldTests.m in Sources */,
			);
			runOnlyForDeploymentPostprocessing = 0;
		};
/* End PBXSourcesBuildPhase section */

/* Begin PBXTargetDependency section */
		6B99091D1A0BBD6E004A147E /* PBXTargetDependency */ = {
			isa = PBXTargetDependency;
			target = 6B9908F51A0BBD6E004A147E /* Sample_HelloWorld */;
			targetProxy = 6B99091C1A0BBD6E004A147E /* PBXContainerItemProxy */;
		};
/* End PBXTargetDependency section */

/* Begin PBXVariantGroup section */
		6B9909021A0BBD6E004A147E /* InfoPlist.strings */ = {
			isa = PBXVariantGroup;
			children = (
				6B9909031A0BBD6E004A147E /* en */,
			);
			name = InfoPlist.strings;
			sourceTree = "<group>";
		};
		6B99090B1A0BBD6E004A147E /* Main.storyboard */ = {
			isa = PBXVariantGroup;
			children = (
				6B99090C1A0BBD6E004A147E /* Base */,
			);
			name = Main.storyboard;
			sourceTree = "<group>";
		};
		6B9909211A0BBD6E004A147E /* InfoPlist.strings */ = {
			isa = PBXVariantGroup;
			children = (
				6B9909221A0BBD6E004A147E /* en */,
			);
			name = InfoPlist.strings;
			sourceTree = "<group>";
		};
/* End PBXVariantGroup section */

/* Begin XCBuildConfiguration section */
		6B9909261A0BBD6E004A147E /* Debug */ = {
			isa = XCBuildConfiguration;
			buildSettings = {
				ALWAYS_SEARCH_USER_PATHS = NO;
				CLANG_CXX_LANGUAGE_STANDARD = "gnu++0x";
				CLANG_CXX_LIBRARY = "libc++";
				CLANG_ENABLE_MODULES = YES;
				CLANG_ENABLE_OBJC_ARC = YES;
				CLANG_WARN_BOOL_CONVERSION = YES;
				CLANG_WARN_CONSTANT_CONVERSION = YES;
				CLANG_WARN_DIRECT_OBJC_ISA_USAGE = YES_ERROR;
				CLANG_WARN_EMPTY_BODY = YES;
				CLANG_WARN_ENUM_CONVERSION = YES;
				CLANG_WARN_INT_CONVERSION = YES;
				CLANG_WARN_OBJC_ROOT_CLASS = YES_ERROR;
				CLANG_WARN__DUPLICATE_METHOD_MATCH = YES;
				CODE_SIGN_IDENTITY = "iPhone Distribution: LEGO System A/S";
				"CODE_SIGN_IDENTITY[sdk=iphoneos*]" = "iPhone Distribution: LEGO System A/S";
				COPY_PHASE_STRIP = NO;
				GCC_C_LANGUAGE_STANDARD = gnu99;
				GCC_DYNAMIC_NO_PIC = NO;
				GCC_OPTIMIZATION_LEVEL = 0;
				GCC_PREPROCESSOR_DEFINITIONS = (
					"DEBUG=1",
					"$(inherited)",
				);
				GCC_SYMBOLS_PRIVATE_EXTERN = NO;
				GCC_WARN_64_TO_32_BIT_CONVERSION = YES;
				GCC_WARN_ABOUT_RETURN_TYPE = YES_ERROR;
				GCC_WARN_UNDECLARED_SELECTOR = YES;
				GCC_WARN_UNINITIALIZED_AUTOS = YES_AGGRESSIVE;
				GCC_WARN_UNUSED_FUNCTION = YES;
				GCC_WARN_UNUSED_VARIABLE = YES;
				IPHONEOS_DEPLOYMENT_TARGET = 7.1;
				ONLY_ACTIVE_ARCH = YES;
				PROVISIONING_PROFILE = "6F1FF799-DB40-47BB-9836-E557F2FE4BFA";
				SDKROOT = iphoneos;
			};
			name = Debug;
		};
		6B9909271A0BBD6E004A147E /* Release */ = {
			isa = XCBuildConfiguration;
			buildSettings = {
				ALWAYS_SEARCH_USER_PATHS = NO;
				CLANG_CXX_LANGUAGE_STANDARD = "gnu++0x";
				CLANG_CXX_LIBRARY = "libc++";
				CLANG_ENABLE_MODULES = YES;
				CLANG_ENABLE_OBJC_ARC = YES;
				CLANG_WARN_BOOL_CONVERSION = YES;
				CLANG_WARN_CONSTANT_CONVERSION = YES;
				CLANG_WARN_DIRECT_OBJC_ISA_USAGE = YES_ERROR;
				CLANG_WARN_EMPTY_BODY = YES;
				CLANG_WARN_ENUM_CONVERSION = YES;
				CLANG_WARN_INT_CONVERSION = YES;
				CLANG_WARN_OBJC_ROOT_CLASS = YES_ERROR;
				CLANG_WARN__DUPLICATE_METHOD_MATCH = YES;
				CODE_SIGN_IDENTITY = "iPhone Distribution: LEGO System A/S";
				"CODE_SIGN_IDENTITY[sdk=iphoneos*]" = "iPhone Distribution: LEGO System A/S";
				COPY_PHASE_STRIP = YES;
				ENABLE_NS_ASSERTIONS = NO;
				GCC_C_LANGUAGE_STANDARD = gnu99;
				GCC_WARN_64_TO_32_BIT_CONVERSION = YES;
				GCC_WARN_ABOUT_RETURN_TYPE = YES_ERROR;
				GCC_WARN_UNDECLARED_SELECTOR = YES;
				GCC_WARN_UNINITIALIZED_AUTOS = YES_AGGRESSIVE;
				GCC_WARN_UNUSED_FUNCTION = YES;
				GCC_WARN_UNUSED_VARIABLE = YES;
				IPHONEOS_DEPLOYMENT_TARGET = 7.1;
				PROVISIONING_PROFILE = "6F1FF799-DB40-47BB-9836-E557F2FE4BFA";
				SDKROOT = iphoneos;
				VALIDATE_PRODUCT = YES;
			};
			name = Release;
		};
		6B9909291A0BBD6E004A147E /* Debug */ = {
			isa = XCBuildConfiguration;
			buildSettings = {
				ASSETCATALOG_COMPILER_APPICON_NAME = AppIcon;
				ASSETCATALOG_COMPILER_LAUNCHIMAGE_NAME = LaunchImage;
				CODE_SIGN_IDENTITY = "iPhone Distribution: LEGO System A/S";
				GCC_PRECOMPILE_PREFIX_HEADER = YES;
				GCC_PREFIX_HEADER = "Sample_HelloWorld/Sample_HelloWorld-Prefix.pch";
				INFOPLIST_FILE = "Sample_HelloWorld/Sample_HelloWorld-Info.plist";
				PRODUCT_NAME = "$(TARGET_NAME)";
				WRAPPER_EXTENSION = app;
			};
			name = Debug;
		};
		6B99092A1A0BBD6E004A147E /* Release */ = {
			isa = XCBuildConfiguration;
			buildSettings = {
				ASSETCATALOG_COMPILER_APPICON_NAME = AppIcon;
				ASSETCATALOG_COMPILER_LAUNCHIMAGE_NAME = LaunchImage;
				CODE_SIGN_IDENTITY = "iPhone Distribution: LEGO System A/S";
				GCC_PRECOMPILE_PREFIX_HEADER = YES;
				GCC_PREFIX_HEADER = "Sample_HelloWorld/Sample_HelloWorld-Prefix.pch";
				INFOPLIST_FILE = "Sample_HelloWorld/Sample_HelloWorld-Info.plist";
				PRODUCT_NAME = "$(TARGET_NAME)";
				WRAPPER_EXTENSION = app;
			};
			name = Release;
		};
		6B99092C1A0BBD6E004A147E /* Debug */ = {
			isa = XCBuildConfiguration;
			buildSettings = {
				BUNDLE_LOADER = "$(BUILT_PRODUCTS_DIR)/Sample_HelloWorld.app/Sample_HelloWorld";
				FRAMEWORK_SEARCH_PATHS = (
					"$(SDKROOT)/Developer/Library/Frameworks",
					"$(inherited)",
					"$(DEVELOPER_FRAMEWORKS_DIR)",
				);
				GCC_PRECOMPILE_PREFIX_HEADER = YES;
				GCC_PREFIX_HEADER = "Sample_HelloWorld/Sample_HelloWorld-Prefix.pch";
				GCC_PREPROCESSOR_DEFINITIONS = (
					"DEBUG=1",
					"$(inherited)",
				);
				INFOPLIST_FILE = "Sample_HelloWorldTests/Sample_HelloWorldTests-Info.plist";
				PRODUCT_NAME = "$(TARGET_NAME)";
				TEST_HOST = "$(BUNDLE_LOADER)";
				WRAPPER_EXTENSION = xctest;
			};
			name = Debug;
		};
		6B99092D1A0BBD6E004A147E /* Release */ = {
			isa = XCBuildConfiguration;
			buildSettings = {
				BUNDLE_LOADER = "$(BUILT_PRODUCTS_DIR)/Sample_HelloWorld.app/Sample_HelloWorld";
				FRAMEWORK_SEARCH_PATHS = (
					"$(SDKROOT)/Developer/Library/Frameworks",
					"$(inherited)",
					"$(DEVELOPER_FRAMEWORKS_DIR)",
				);
				GCC_PRECOMPILE_PREFIX_HEADER = YES;
				GCC_PREFIX_HEADER = "Sample_HelloWorld/Sample_HelloWorld-Prefix.pch";
				INFOPLIST_FILE = "Sample_HelloWorldTests/Sample_HelloWorldTests-Info.plist";
				PRODUCT_NAME = "$(TARGET_NAME)";
				TEST_HOST = "$(BUNDLE_LOADER)";
				WRAPPER_EXTENSION = xctest;
			};
			name = Release;
		};
/* End XCBuildConfiguration section */

/* Begin XCConfigurationList section */
		6B9908F11A0BBD6E004A147E /* Build configuration list for PBXProject "Sample_HelloWorld" */ = {
			isa = XCConfigurationList;
			buildConfigurations = (
				6B9909261A0BBD6E004A147E /* Debug */,
				6B9909271A0BBD6E004A147E /* Release */,
			);
			defaultConfigurationIsVisible = 0;
			defaultConfigurationName = Release;
		};
		6B9909281A0BBD6E004A147E /* Build configuration list for PBXNativeTarget "Sample_HelloWorld" */ = {
			isa = XCConfigurationList;
			buildConfigurations = (
				6B9909291A0BBD6E004A147E /* Debug */,
				6B99092A1A0BBD6E004A147E /* Release */,
			);
			defaultConfigurationIsVisible = 0;
			defaultConfigurationName = Release;
		};
		6B99092B1A0BBD6E004A147E /* Build configuration list for PBXNativeTarget "Sample_HelloWorldTests" */ = {
			isa = XCConfigurationList;
			buildConfigurations = (
				6B99092C1A0BBD6E004A147E /* Debug */,
				6B99092D1A0BBD6E004A147E /* Release */,
			);
			defaultConfigurationIsVisible = 0;
			defaultConfigurationName = Release;
		};
/* End XCConfigurationList section */
	};
	rootObject = 6B9908EE1A0BBD6E004A147E /* Project object */;
}
